version = 1
revision = 2
requires-python = "==3.11.*"

[[package]]
name = "beautifulsoup4"
version = "4.13.5"
source = { registry = "https://pypi.org/simple" }
dependencies = [
    { name = "soupsieve" },
    { name = "typing-extensions" },
]
sdist = { url = "https://files.pythonhosted.org/packages/85/2e/3e5079847e653b1f6dc647aa24549d68c6addb4c595cc0d902d1b19308ad/beautifulsoup4-4.13.5.tar.gz", hash = "sha256:5e70131382930e7c3de33450a2f54a63d5e4b19386eab43a5b34d594268f3695", size = 622954, upload-time = "2025-08-24T14:06:13.168Z" }
wheels = [
    { url = "https://files.pythonhosted.org/packages/04/eb/f4151e0c7377a6e08a38108609ba5cede57986802757848688aeedd1b9e8/beautifulsoup4-4.13.5-py3-none-any.whl", hash = "sha256:642085eaa22233aceadff9c69651bc51e8bf3f874fb6d7104ece2beb24b47c4a", size = 105113, upload-time = "2025-08-24T14:06:14.884Z" },
]

[[package]]
name = "certifi"
version = "2025.8.3"
source = { registry = "https://pypi.org/simple" }
sdist = { url = "https://files.pythonhosted.org/packages/dc/67/960ebe6bf230a96cda2e0abcf73af550ec4f090005363542f0765df162e0/certifi-2025.8.3.tar.gz", hash = "sha256:e564105f78ded564e3ae7c923924435e1daa7463faeab5bb932bc53ffae63407", size = 162386, upload-time = "2025-08-03T03:07:47.08Z" }
wheels = [
    { url = "https://files.pythonhosted.org/packages/e5/48/1549795ba7742c948d2ad169c1c8cdbae65bc450d6cd753d124b17c8cd32/certifi-2025.8.3-py3-none-any.whl", hash = "sha256:f6c12493cfb1b06ba2ff328595af9350c65d6644968e5d3a2ffd78699af217a5", size = 161216, upload-time = "2025-08-03T03:07:45.777Z" },
]

[[package]]
name = "cffi"
version = "2.0.0"
source = { registry = "https://pypi.org/simple" }
dependencies = [
    { name = "pycparser", marker = "implementation_name != 'PyPy'" },
]
sdist = { url = "https://files.pythonhosted.org/packages/eb/56/b1ba7935a17738ae8453301356628e8147c79dbb825bcbc73dc7401f9846/cffi-2.0.0.tar.gz", hash = "sha256:44d1b5909021139fe36001ae048dbdde8214afa20200eda0f64c068cac5d5529", size = 523588, upload-time = "2025-09-08T23:24:04.541Z" }
wheels = [
    { url = "https://files.pythonhosted.org/packages/12/4a/3dfd5f7850cbf0d06dc84ba9aa00db766b52ca38d8b86e3a38314d52498c/cffi-2.0.0-cp311-cp311-macosx_10_13_x86_64.whl", hash = "sha256:b4c854ef3adc177950a8dfc81a86f5115d2abd545751a304c5bcf2c2c7283cfe", size = 184344, upload-time = "2025-09-08T23:22:26.456Z" },
    { url = "https://files.pythonhosted.org/packages/4f/8b/f0e4c441227ba756aafbe78f117485b25bb26b1c059d01f137fa6d14896b/cffi-2.0.0-cp311-cp311-macosx_11_0_arm64.whl", hash = "sha256:2de9a304e27f7596cd03d16f1b7c72219bd944e99cc52b84d0145aefb07cbd3c", size = 180560, upload-time = "2025-09-08T23:22:28.197Z" },
    { url = "https://files.pythonhosted.org/packages/b1/b7/1200d354378ef52ec227395d95c2576330fd22a869f7a70e88e1447eb234/cffi-2.0.0-cp311-cp311-manylinux1_i686.manylinux2014_i686.manylinux_2_17_i686.manylinux_2_5_i686.whl", hash = "sha256:baf5215e0ab74c16e2dd324e8ec067ef59e41125d3eade2b863d294fd5035c92", size = 209613, upload-time = "2025-09-08T23:22:29.475Z" },
    { url = "https://files.pythonhosted.org/packages/b8/56/6033f5e86e8cc9bb629f0077ba71679508bdf54a9a5e112a3c0b91870332/cffi-2.0.0-cp311-cp311-manylinux2014_aarch64.manylinux_2_17_aarch64.whl", hash = "sha256:730cacb21e1bdff3ce90babf007d0a0917cc3e6492f336c2f0134101e0944f93", size = 216476, upload-time = "2025-09-08T23:22:31.063Z" },
    { url = "https://files.pythonhosted.org/packages/dc/7f/55fecd70f7ece178db2f26128ec41430d8720f2d12ca97bf8f0a628207d5/cffi-2.0.0-cp311-cp311-manylinux2014_ppc64le.manylinux_2_17_ppc64le.whl", hash = "sha256:6824f87845e3396029f3820c206e459ccc91760e8fa24422f8b0c3d1731cbec5", size = 203374, upload-time = "2025-09-08T23:22:32.507Z" },
    { url = "https://files.pythonhosted.org/packages/84/ef/a7b77c8bdc0f77adc3b46888f1ad54be8f3b7821697a7b89126e829e676a/cffi-2.0.0-cp311-cp311-manylinux2014_s390x.manylinux_2_17_s390x.whl", hash = "sha256:9de40a7b0323d889cf8d23d1ef214f565ab154443c42737dfe52ff82cf857664", size = 202597, upload-time = "2025-09-08T23:22:34.132Z" },
    { url = "https://files.pythonhosted.org/packages/d7/91/500d892b2bf36529a75b77958edfcd5ad8e2ce4064ce2ecfeab2125d72d1/cffi-2.0.0-cp311-cp311-manylinux2014_x86_64.manylinux_2_17_x86_64.whl", hash = "sha256:8941aaadaf67246224cee8c3803777eed332a19d909b47e29c9842ef1e79ac26", size = 215574, upload-time = "2025-09-08T23:22:35.443Z" },
    { url = "https://files.pythonhosted.org/packages/44/64/58f6255b62b101093d5df22dcb752596066c7e89dd725e0afaed242a61be/cffi-2.0.0-cp311-cp311-musllinux_1_2_aarch64.whl", hash = "sha256:a05d0c237b3349096d3981b727493e22147f934b20f6f125a3eba8f994bec4a9", size = 218971, upload-time = "2025-09-08T23:22:36.805Z" },
    { url = "https://files.pythonhosted.org/packages/ab/49/fa72cebe2fd8a55fbe14956f9970fe8eb1ac59e5df042f603ef7c8ba0adc/cffi-2.0.0-cp311-cp311-musllinux_1_2_i686.whl", hash = "sha256:94698a9c5f91f9d138526b48fe26a199609544591f859c870d477351dc7b2414", size = 211972, upload-time = "2025-09-08T23:22:38.436Z" },
    { url = "https://files.pythonhosted.org/packages/0b/28/dd0967a76aab36731b6ebfe64dec4e981aff7e0608f60c2d46b46982607d/cffi-2.0.0-cp311-cp311-musllinux_1_2_x86_64.whl", hash = "sha256:5fed36fccc0612a53f1d4d9a816b50a36702c28a2aa880cb8a122b3466638743", size = 217078, upload-time = "2025-09-08T23:22:39.776Z" },
    { url = "https://files.pythonhosted.org/packages/2b/c0/015b25184413d7ab0a410775fdb4a50fca20f5589b5dab1dbbfa3baad8ce/cffi-2.0.0-cp311-cp311-win32.whl", hash = "sha256:c649e3a33450ec82378822b3dad03cc228b8f5963c0c12fc3b1e0ab940f768a5", size = 172076, upload-time = "2025-09-08T23:22:40.95Z" },
    { url = "https://files.pythonhosted.org/packages/ae/8f/dc5531155e7070361eb1b7e4c1a9d896d0cb21c49f807a6c03fd63fc877e/cffi-2.0.0-cp311-cp311-win_amd64.whl", hash = "sha256:66f011380d0e49ed280c789fbd08ff0d40968ee7b665575489afa95c98196ab5", size = 182820, upload-time = "2025-09-08T23:22:42.463Z" },
    { url = "https://files.pythonhosted.org/packages/95/5c/1b493356429f9aecfd56bc171285a4c4ac8697f76e9bbbbb105e537853a1/cffi-2.0.0-cp311-cp311-win_arm64.whl", hash = "sha256:c6638687455baf640e37344fe26d37c404db8b80d037c3d29f58fe8d1c3b194d", size = 177635, upload-time = "2025-09-08T23:22:43.623Z" },
]

[[package]]
name = "charset-normalizer"
version = "3.4.3"
source = { registry = "https://pypi.org/simple" }
sdist = { url = "https://files.pythonhosted.org/packages/83/2d/5fd176ceb9b2fc619e63405525573493ca23441330fcdaee6bef9460e924/charset_normalizer-3.4.3.tar.gz", hash = "sha256:6fce4b8500244f6fcb71465d4a4930d132ba9ab8e71a7859e6a5d59851068d14", size = 122371, upload-time = "2025-08-09T07:57:28.46Z" }
wheels = [
    { url = "https://files.pythonhosted.org/packages/7f/b5/991245018615474a60965a7c9cd2b4efbaabd16d582a5547c47ee1c7730b/charset_normalizer-3.4.3-cp311-cp311-macosx_10_9_universal2.whl", hash = "sha256:b256ee2e749283ef3ddcff51a675ff43798d92d746d1a6e4631bf8c707d22d0b", size = 204483, upload-time = "2025-08-09T07:55:53.12Z" },
    { url = "https://files.pythonhosted.org/packages/c7/2a/ae245c41c06299ec18262825c1569c5d3298fc920e4ddf56ab011b417efd/charset_normalizer-3.4.3-cp311-cp311-manylinux2014_aarch64.manylinux_2_17_aarch64.manylinux_2_28_aarch64.whl", hash = "sha256:13faeacfe61784e2559e690fc53fa4c5ae97c6fcedb8eb6fb8d0a15b475d2c64", size = 145520, upload-time = "2025-08-09T07:55:54.712Z" },
    { url = "https://files.pythonhosted.org/packages/3a/a4/b3b6c76e7a635748c4421d2b92c7b8f90a432f98bda5082049af37ffc8e3/charset_normalizer-3.4.3-cp311-cp311-manylinux2014_ppc64le.manylinux_2_17_ppc64le.manylinux_2_28_ppc64le.whl", hash = "sha256:00237675befef519d9af72169d8604a067d92755e84fe76492fef5441db05b91", size = 158876, upload-time = "2025-08-09T07:55:56.024Z" },
    { url = "https://files.pythonhosted.org/packages/e2/e6/63bb0e10f90a8243c5def74b5b105b3bbbfb3e7bb753915fe333fb0c11ea/charset_normalizer-3.4.3-cp311-cp311-manylinux2014_s390x.manylinux_2_17_s390x.manylinux_2_28_s390x.whl", hash = "sha256:585f3b2a80fbd26b048a0be90c5aae8f06605d3c92615911c3a2b03a8a3b796f", size = 156083, upload-time = "2025-08-09T07:55:57.582Z" },
    { url = "https://files.pythonhosted.org/packages/87/df/b7737ff046c974b183ea9aa111b74185ac8c3a326c6262d413bd5a1b8c69/charset_normalizer-3.4.3-cp311-cp311-manylinux2014_x86_64.manylinux_2_17_x86_64.manylinux_2_28_x86_64.whl", hash = "sha256:0e78314bdc32fa80696f72fa16dc61168fda4d6a0c014e0380f9d02f0e5d8a07", size = 150295, upload-time = "2025-08-09T07:55:59.147Z" },
    { url = "https://files.pythonhosted.org/packages/61/f1/190d9977e0084d3f1dc169acd060d479bbbc71b90bf3e7bf7b9927dec3eb/charset_normalizer-3.4.3-cp311-cp311-musllinux_1_2_aarch64.whl", hash = "sha256:96b2b3d1a83ad55310de8c7b4a2d04d9277d5591f40761274856635acc5fcb30", size = 148379, upload-time = "2025-08-09T07:56:00.364Z" },
    { url = "https://files.pythonhosted.org/packages/4c/92/27dbe365d34c68cfe0ca76f1edd70e8705d82b378cb54ebbaeabc2e3029d/charset_normalizer-3.4.3-cp311-cp311-musllinux_1_2_ppc64le.whl", hash = "sha256:939578d9d8fd4299220161fdd76e86c6a251987476f5243e8864a7844476ba14", size = 160018, upload-time = "2025-08-09T07:56:01.678Z" },
    { url = "https://files.pythonhosted.org/packages/99/04/baae2a1ea1893a01635d475b9261c889a18fd48393634b6270827869fa34/charset_normalizer-3.4.3-cp311-cp311-musllinux_1_2_s390x.whl", hash = "sha256:fd10de089bcdcd1be95a2f73dbe6254798ec1bda9f450d5828c96f93e2536b9c", size = 157430, upload-time = "2025-08-09T07:56:02.87Z" },
    { url = "https://files.pythonhosted.org/packages/2f/36/77da9c6a328c54d17b960c89eccacfab8271fdaaa228305330915b88afa9/charset_normalizer-3.4.3-cp311-cp311-musllinux_1_2_x86_64.whl", hash = "sha256:1e8ac75d72fa3775e0b7cb7e4629cec13b7514d928d15ef8ea06bca03ef01cae", size = 151600, upload-time = "2025-08-09T07:56:04.089Z" },
    { url = "https://files.pythonhosted.org/packages/64/d4/9eb4ff2c167edbbf08cdd28e19078bf195762e9bd63371689cab5ecd3d0d/charset_normalizer-3.4.3-cp311-cp311-win32.whl", hash = "sha256:6cf8fd4c04756b6b60146d98cd8a77d0cdae0e1ca20329da2ac85eed779b6849", size = 99616, upload-time = "2025-08-09T07:56:05.658Z" },
    { url = "https://files.pythonhosted.org/packages/f4/9c/996a4a028222e7761a96634d1820de8a744ff4327a00ada9c8942033089b/charset_normalizer-3.4.3-cp311-cp311-win_amd64.whl", hash = "sha256:31a9a6f775f9bcd865d88ee350f0ffb0e25936a7f930ca98995c05abf1faf21c", size = 107108, upload-time = "2025-08-09T07:56:07.176Z" },
    { url = "https://files.pythonhosted.org/packages/8a/1f/f041989e93b001bc4e44bb1669ccdcf54d3f00e628229a85b08d330615c5/charset_normalizer-3.4.3-py3-none-any.whl", hash = "sha256:ce571ab16d890d23b5c278547ba694193a45011ff86a9162a71307ed9f86759a", size = 53175, upload-time = "2025-08-09T07:57:26.864Z" },
]

[[package]]
name = "click"
version = "8.3.0"
source = { registry = "https://pypi.org/simple" }
dependencies = [
    { name = "colorama", marker = "sys_platform == 'win32'" },
]
sdist = { url = "https://files.pythonhosted.org/packages/46/61/de6cd827efad202d7057d93e0fed9294b96952e188f7384832791c7b2254/click-8.3.0.tar.gz", hash = "sha256:e7b8232224eba16f4ebe410c25ced9f7875cb5f3263ffc93cc3e8da705e229c4", size = 276943, upload-time = "2025-09-18T17:32:23.696Z" }
wheels = [
    { url = "https://files.pythonhosted.org/packages/db/d3/9dcc0f5797f070ec8edf30fbadfb200e71d9db6b84d211e3b2085a7589a0/click-8.3.0-py3-none-any.whl", hash = "sha256:9b9f285302c6e3064f4330c05f05b81945b2a39544279343e6e7c5f27a9baddc", size = 107295, upload-time = "2025-09-18T17:32:22.42Z" },
]

[[package]]
name = "colorama"
version = "0.4.6"
source = { registry = "https://pypi.org/simple" }
sdist = { url = "https://files.pythonhosted.org/packages/d8/53/6f443c9a4a8358a93a6792e2acffb9d9d5cb0a5cfd8802644b7b1c9a02e4/colorama-0.4.6.tar.gz", hash = "sha256:08695f5cb7ed6e0531a20572697297273c47b8cae5a63ffc6d6ed5c201be6e44", size = 27697, upload-time = "2022-10-25T02:36:22.414Z" }
wheels = [
    { url = "https://files.pythonhosted.org/packages/d1/d6/3965ed04c63042e047cb6a3e6ed1a63a35087b6a609aa3a15ed8ac56c221/colorama-0.4.6-py2.py3-none-any.whl", hash = "sha256:4f1d9991f5acc0ca119f9d443620b77f9d6b33703e51011c16baf57afb285fc6", size = 25335, upload-time = "2022-10-25T02:36:20.889Z" },
]

[[package]]
name = "cryptography"
version = "46.0.1"
source = { registry = "https://pypi.org/simple" }
dependencies = [
    { name = "cffi", marker = "platform_python_implementation != 'PyPy'" },
]
sdist = { url = "https://files.pythonhosted.org/packages/a9/62/e3664e6ffd7743e1694b244dde70b43a394f6f7fbcacf7014a8ff5197c73/cryptography-46.0.1.tar.gz", hash = "sha256:ed570874e88f213437f5cf758f9ef26cbfc3f336d889b1e592ee11283bb8d1c7", size = 749198, upload-time = "2025-09-17T00:10:35.797Z" }
wheels = [
    { url = "https://files.pythonhosted.org/packages/4c/8c/44ee01267ec01e26e43ebfdae3f120ec2312aa72fa4c0507ebe41a26739f/cryptography-46.0.1-cp311-abi3-macosx_10_9_universal2.whl", hash = "sha256:1cd6d50c1a8b79af1a6f703709d8973845f677c8e97b1268f5ff323d38ce8475", size = 7285044, upload-time = "2025-09-17T00:08:36.807Z" },
    { url = "https://files.pythonhosted.org/packages/22/59/9ae689a25047e0601adfcb159ec4f83c0b4149fdb5c3030cc94cd218141d/cryptography-46.0.1-cp311-abi3-manylinux2014_aarch64.manylinux_2_17_aarch64.whl", hash = "sha256:0ff483716be32690c14636e54a1f6e2e1b7bf8e22ca50b989f88fa1b2d287080", size = 4308182, upload-time = "2025-09-17T00:08:39.388Z" },
    { url = "https://files.pythonhosted.org/packages/c4/ee/ca6cc9df7118f2fcd142c76b1da0f14340d77518c05b1ebfbbabca6b9e7d/cryptography-46.0.1-cp311-abi3-manylinux2014_x86_64.manylinux_2_17_x86_64.whl", hash = "sha256:9873bf7c1f2a6330bdfe8621e7ce64b725784f9f0c3a6a55c3047af5849f920e", size = 4572393, upload-time = "2025-09-17T00:08:41.663Z" },
    { url = "https://files.pythonhosted.org/packages/7f/a3/0f5296f63815d8e985922b05c31f77ce44787b3127a67c0b7f70f115c45f/cryptography-46.0.1-cp311-abi3-manylinux_2_28_aarch64.whl", hash = "sha256:0dfb7c88d4462a0cfdd0d87a3c245a7bc3feb59de101f6ff88194f740f72eda6", size = 4308400, upload-time = "2025-09-17T00:08:43.559Z" },
    { url = "https://files.pythonhosted.org/packages/5d/8c/74fcda3e4e01be1d32775d5b4dd841acaac3c1b8fa4d0774c7ac8d52463d/cryptography-46.0.1-cp311-abi3-manylinux_2_28_armv7l.manylinux_2_31_armv7l.whl", hash = "sha256:e22801b61613ebdebf7deb18b507919e107547a1d39a3b57f5f855032dd7cfb8", size = 4015786, upload-time = "2025-09-17T00:08:45.758Z" },
    { url = "https://files.pythonhosted.org/packages/dc/b8/85d23287baeef273b0834481a3dd55bbed3a53587e3b8d9f0898235b8f91/cryptography-46.0.1-cp311-abi3-manylinux_2_28_ppc64le.whl", hash = "sha256:757af4f6341ce7a1e47c326ca2a81f41d236070217e5fbbad61bbfe299d55d28", size = 4982606, upload-time = "2025-09-17T00:08:47.602Z" },
    { url = "https://files.pythonhosted.org/packages/e5/d3/de61ad5b52433b389afca0bc70f02a7a1f074651221f599ce368da0fe437/cryptography-46.0.1-cp311-abi3-manylinux_2_28_x86_64.whl", hash = "sha256:f7a24ea78de345cfa7f6a8d3bde8b242c7fac27f2bd78fa23474ca38dfaeeab9", size = 4604234, upload-time = "2025-09-17T00:08:49.879Z" },
    { url = "https://files.pythonhosted.org/packages/dc/1f/dbd4d6570d84748439237a7478d124ee0134bf166ad129267b7ed8ea6d22/cryptography-46.0.1-cp311-abi3-manylinux_2_34_aarch64.whl", hash = "sha256:9e8776dac9e660c22241b6587fae51a67b4b0147daa4d176b172c3ff768ad736", size = 4307669, upload-time = "2025-09-17T00:08:52.321Z" },
    { url = "https://files.pythonhosted.org/packages/ec/fd/ca0a14ce7f0bfe92fa727aacaf2217eb25eb7e4ed513b14d8e03b26e63ed/cryptography-46.0.1-cp311-abi3-manylinux_2_34_ppc64le.whl", hash = "sha256:9f40642a140c0c8649987027867242b801486865277cbabc8c6059ddef16dc8b", size = 4947579, upload-time = "2025-09-17T00:08:54.697Z" },
    { url = "https://files.pythonhosted.org/packages/89/6b/09c30543bb93401f6f88fce556b3bdbb21e55ae14912c04b7bf355f5f96c/cryptography-46.0.1-cp311-abi3-manylinux_2_34_x86_64.whl", hash = "sha256:449ef2b321bec7d97ef2c944173275ebdab78f3abdd005400cc409e27cd159ab", size = 4603669, upload-time = "2025-09-17T00:08:57.16Z" },
    { url = "https://files.pythonhosted.org/packages/23/9a/38cb01cb09ce0adceda9fc627c9cf98eb890fc8d50cacbe79b011df20f8a/cryptography-46.0.1-cp311-abi3-musllinux_1_2_aarch64.whl", hash = "sha256:2dd339ba3345b908fa3141ddba4025568fa6fd398eabce3ef72a29ac2d73ad75", size = 4435828, upload-time = "2025-09-17T00:08:59.606Z" },
    { url = "https://files.pythonhosted.org/packages/0f/53/435b5c36a78d06ae0bef96d666209b0ecd8f8181bfe4dda46536705df59e/cryptography-46.0.1-cp311-abi3-musllinux_1_2_x86_64.whl", hash = "sha256:7411c910fb2a412053cf33cfad0153ee20d27e256c6c3f14d7d7d1d9fec59fd5", size = 4709553, upload-time = "2025-09-17T00:09:01.832Z" },
    { url = "https://files.pythonhosted.org/packages/f5/c4/0da6e55595d9b9cd3b6eb5dc22f3a07ded7f116a3ea72629cab595abb804/cryptography-46.0.1-cp311-abi3-win32.whl", hash = "sha256:cbb8e769d4cac884bb28e3ff620ef1001b75588a5c83c9c9f1fdc9afbe7f29b0", size = 3058327, upload-time = "2025-09-17T00:09:03.726Z" },
    { url = "https://files.pythonhosted.org/packages/95/0f/cd29a35e0d6e78a0ee61793564c8cff0929c38391cb0de27627bdc7525aa/cryptography-46.0.1-cp311-abi3-win_amd64.whl", hash = "sha256:92e8cfe8bd7dd86eac0a677499894862cd5cc2fd74de917daa881d00871ac8e7", size = 3523893, upload-time = "2025-09-17T00:09:06.272Z" },
    { url = "https://files.pythonhosted.org/packages/f2/dd/eea390f3e78432bc3d2f53952375f8b37cb4d37783e626faa6a51e751719/cryptography-46.0.1-cp311-abi3-win_arm64.whl", hash = "sha256:db5597a4c7353b2e5fb05a8e6cb74b56a4658a2b7bf3cb6b1821ae7e7fd6eaa0", size = 2932145, upload-time = "2025-09-17T00:09:08.568Z" },
    { url = "https://files.pythonhosted.org/packages/98/e5/fbd632385542a3311915976f88e0dfcf09e62a3fc0aff86fb6762162a24d/cryptography-46.0.1-cp38-abi3-macosx_10_9_universal2.whl", hash = "sha256:d84c40bdb8674c29fa192373498b6cb1e84f882889d21a471b45d1f868d8d44b", size = 7255677, upload-time = "2025-09-17T00:09:42.407Z" },
    { url = "https://files.pythonhosted.org/packages/56/3e/13ce6eab9ad6eba1b15a7bd476f005a4c1b3f299f4c2f32b22408b0edccf/cryptography-46.0.1-cp38-abi3-manylinux2014_aarch64.manylinux_2_17_aarch64.whl", hash = "sha256:9ed64e5083fa806709e74fc5ea067dfef9090e5b7a2320a49be3c9df3583a2d8", size = 4301110, upload-time = "2025-09-17T00:09:45.614Z" },
    { url = "https://files.pythonhosted.org/packages/a2/67/65dc233c1ddd688073cf7b136b06ff4b84bf517ba5529607c9d79720fc67/cryptography-46.0.1-cp38-abi3-manylinux2014_x86_64.manylinux_2_17_x86_64.whl", hash = "sha256:341fb7a26bc9d6093c1b124b9f13acc283d2d51da440b98b55ab3f79f2522ead", size = 4562369, upload-time = "2025-09-17T00:09:47.601Z" },
    { url = "https://files.pythonhosted.org/packages/17/db/d64ae4c6f4e98c3dac5bf35dd4d103f4c7c345703e43560113e5e8e31b2b/cryptography-46.0.1-cp38-abi3-manylinux_2_28_aarch64.whl", hash = "sha256:6ef1488967e729948d424d09c94753d0167ce59afba8d0f6c07a22b629c557b2", size = 4302126, upload-time = "2025-09-17T00:09:49.335Z" },
    { url = "https://files.pythonhosted.org/packages/3d/19/5f1eea17d4805ebdc2e685b7b02800c4f63f3dd46cfa8d4c18373fea46c8/cryptography-46.0.1-cp38-abi3-manylinux_2_28_armv7l.manylinux_2_31_armv7l.whl", hash = "sha256:7823bc7cdf0b747ecfb096d004cc41573c2f5c7e3a29861603a2871b43d3ef32", size = 4009431, upload-time = "2025-09-17T00:09:51.239Z" },
    { url = "https://files.pythonhosted.org/packages/81/b5/229ba6088fe7abccbfe4c5edb96c7a5ad547fac5fdd0d40aa6ea540b2985/cryptography-46.0.1-cp38-abi3-manylinux_2_28_ppc64le.whl", hash = "sha256:f736ab8036796f5a119ff8211deda416f8c15ce03776db704a7a4e17381cb2ef", size = 4980739, upload-time = "2025-09-17T00:09:54.181Z" },
    { url = "https://files.pythonhosted.org/packages/3a/9c/50aa38907b201e74bc43c572f9603fa82b58e831bd13c245613a23cff736/cryptography-46.0.1-cp38-abi3-manylinux_2_28_x86_64.whl", hash = "sha256:e46710a240a41d594953012213ea8ca398cd2448fbc5d0f1be8160b5511104a0", size = 4592289, upload-time = "2025-09-17T00:09:56.731Z" },
    { url = "https://files.pythonhosted.org/packages/5a/33/229858f8a5bb22f82468bb285e9f4c44a31978d5f5830bb4ea1cf8a4e454/cryptography-46.0.1-cp38-abi3-manylinux_2_34_aarch64.whl", hash = "sha256:84ef1f145de5aee82ea2447224dc23f065ff4cc5791bb3b506615957a6ba8128", size = 4301815, upload-time = "2025-09-17T00:09:58.548Z" },
    { url = "https://files.pythonhosted.org/packages/52/cb/b76b2c87fbd6ed4a231884bea3ce073406ba8e2dae9defad910d33cbf408/cryptography-46.0.1-cp38-abi3-manylinux_2_34_ppc64le.whl", hash = "sha256:9394c7d5a7565ac5f7d9ba38b2617448eba384d7b107b262d63890079fad77ca", size = 4943251, upload-time = "2025-09-17T00:10:00.475Z" },
    { url = "https://files.pythonhosted.org/packages/94/0f/f66125ecf88e4cb5b8017ff43f3a87ede2d064cb54a1c5893f9da9d65093/cryptography-46.0.1-cp38-abi3-manylinux_2_34_x86_64.whl", hash = "sha256:ed957044e368ed295257ae3d212b95456bd9756df490e1ac4538857f67531fcc", size = 4591247, upload-time = "2025-09-17T00:10:02.874Z" },
    { url = "https://files.pythonhosted.org/packages/f6/22/9f3134ae436b63b463cfdf0ff506a0570da6873adb4bf8c19b8a5b4bac64/cryptography-46.0.1-cp38-abi3-musllinux_1_2_aarch64.whl", hash = "sha256:f7de12fa0eee6234de9a9ce0ffcfa6ce97361db7a50b09b65c63ac58e5f22fc7", size = 4428534, upload-time = "2025-09-17T00:10:04.994Z" },
    { url = "https://files.pythonhosted.org/packages/89/39/e6042bcb2638650b0005c752c38ea830cbfbcbb1830e4d64d530000aa8dc/cryptography-46.0.1-cp38-abi3-musllinux_1_2_x86_64.whl", hash = "sha256:7fab1187b6c6b2f11a326f33b036f7168f5b996aedd0c059f9738915e4e8f53a", size = 4699541, upload-time = "2025-09-17T00:10:06.925Z" },
    { url = "https://files.pythonhosted.org/packages/68/46/753d457492d15458c7b5a653fc9a84a1c9c7a83af6ebdc94c3fc373ca6e8/cryptography-46.0.1-cp38-abi3-win32.whl", hash = "sha256:45f790934ac1018adeba46a0f7289b2b8fe76ba774a88c7f1922213a56c98bc1", size = 3043779, upload-time = "2025-09-17T00:10:08.951Z" },
    { url = "https://files.pythonhosted.org/packages/2f/50/b6f3b540c2f6ee712feeb5fa780bb11fad76634e71334718568e7695cb55/cryptography-46.0.1-cp38-abi3-win_amd64.whl", hash = "sha256:7176a5ab56fac98d706921f6416a05e5aff7df0e4b91516f450f8627cda22af3", size = 3517226, upload-time = "2025-09-17T00:10:10.769Z" },
    { url = "https://files.pythonhosted.org/packages/ff/e8/77d17d00981cdd27cc493e81e1749a0b8bbfb843780dbd841e30d7f50743/cryptography-46.0.1-cp38-abi3-win_arm64.whl", hash = "sha256:efc9e51c3e595267ff84adf56e9b357db89ab2279d7e375ffcaf8f678606f3d9", size = 2923149, upload-time = "2025-09-17T00:10:13.236Z" },
    { url = "https://files.pythonhosted.org/packages/27/27/077e09fd92075dd1338ea0ffaf5cfee641535545925768350ad90d8c36ca/cryptography-46.0.1-pp311-pypy311_pp73-macosx_10_9_x86_64.whl", hash = "sha256:b9c79af2c3058430d911ff1a5b2b96bbfe8da47d5ed961639ce4681886614e70", size = 3722319, upload-time = "2025-09-17T00:10:20.273Z" },
    { url = "https://files.pythonhosted.org/packages/db/32/6fc7250280920418651640d76cee34d91c1e0601d73acd44364570cf041f/cryptography-46.0.1-pp311-pypy311_pp73-manylinux_2_28_aarch64.whl", hash = "sha256:0ca4be2af48c24df689a150d9cd37404f689e2968e247b6b8ff09bff5bcd786f", size = 4249030, upload-time = "2025-09-17T00:10:22.396Z" },
    { url = "https://files.pythonhosted.org/packages/32/33/8d5398b2da15a15110b2478480ab512609f95b45ead3a105c9a9c76f9980/cryptography-46.0.1-pp311-pypy311_pp73-manylinux_2_28_x86_64.whl", hash = "sha256:13e67c4d3fb8b6bc4ef778a7ccdd8df4cd15b4bcc18f4239c8440891a11245cc", size = 4528009, upload-time = "2025-09-17T00:10:24.418Z" },
    { url = "https://files.pythonhosted.org/packages/fd/1c/4012edad2a8977ab386c36b6e21f5065974d37afa3eade83a9968cba4855/cryptography-46.0.1-pp311-pypy311_pp73-manylinux_2_34_aarch64.whl", hash = "sha256:15b5fd9358803b0d1cc42505a18d8bca81dabb35b5cfbfea1505092e13a9d96d", size = 4248902, upload-time = "2025-09-17T00:10:26.255Z" },
    { url = "https://files.pythonhosted.org/packages/58/a3/257cd5ae677302de8fa066fca9de37128f6729d1e63c04dd6a15555dd450/cryptography-46.0.1-pp311-pypy311_pp73-manylinux_2_34_x86_64.whl", hash = "sha256:e34da95e29daf8a71cb2841fd55df0511539a6cdf33e6f77c1e95e44006b9b46", size = 4527150, upload-time = "2025-09-17T00:10:28.28Z" },
    { url = "https://files.pythonhosted.org/packages/6a/cd/fe6b65e1117ec7631f6be8951d3db076bac3e1b096e3e12710ed071ffc3c/cryptography-46.0.1-pp311-pypy311_pp73-win_amd64.whl", hash = "sha256:34f04b7311174469ab3ac2647469743720f8b6c8b046f238e5cb27905695eb2a", size = 3448210, upload-time = "2025-09-17T00:10:30.145Z" },
]

[[package]]
name = "ergo-type"
version = "0.1.0"
source = { editable = "." }
dependencies = [
    { name = "beautifulsoup4" },
    { name = "gitpython" },
    { name = "pdfplumber" },
    { name = "requests" },
    { name = "typer" },
]

[package.metadata]
requires-dist = [
    { name = "beautifulsoup4", specifier = ">=4.12.2" },
    { name = "gitpython" },
    { name = "pdfplumber" },
    { name = "requests", specifier = ">=2.32.0" },
    { name = "typer", specifier = ">=0.9.0" },
]

[[package]]
name = "gitdb"
version = "4.0.12"
source = { registry = "https://pypi.org/simple" }
dependencies = [
    { name = "smmap" },
]
sdist = { url = "https://files.pythonhosted.org/packages/72/94/63b0fc47eb32792c7ba1fe1b694daec9a63620db1e313033d18140c2320a/gitdb-4.0.12.tar.gz", hash = "sha256:5ef71f855d191a3326fcfbc0d5da835f26b13fbcba60c32c21091c349ffdb571", size = 394684, upload-time = "2025-01-02T07:20:46.413Z" }
wheels = [
    { url = "https://files.pythonhosted.org/packages/a0/61/5c78b91c3143ed5c14207f463aecfc8f9dbb5092fb2869baf37c273b2705/gitdb-4.0.12-py3-none-any.whl", hash = "sha256:67073e15955400952c6565cc3e707c554a4eea2e428946f7a4c162fab9bd9bcf", size = 62794, upload-time = "2025-01-02T07:20:43.624Z" },
]

[[package]]
name = "gitpython"
version = "3.1.45"
source = { registry = "https://pypi.org/simple" }
dependencies = [
    { name = "gitdb" },
]
sdist = { url = "https://files.pythonhosted.org/packages/9a/c8/dd58967d119baab745caec2f9d853297cec1989ec1d63f677d3880632b88/gitpython-3.1.45.tar.gz", hash = "sha256:85b0ee964ceddf211c41b9f27a49086010a190fd8132a24e21f362a4b36a791c", size = 215076, upload-time = "2025-07-24T03:45:54.871Z" }
wheels = [
    { url = "https://files.pythonhosted.org/packages/01/61/d4b89fec821f72385526e1b9d9a3a0385dda4a72b206d28049e2c7cd39b8/gitpython-3.1.45-py3-none-any.whl", hash = "sha256:8908cb2e02fb3b93b7eb0f2827125cb699869470432cc885f019b8fd0fccff77", size = 208168, upload-time = "2025-07-24T03:45:52.517Z" },
]

[[package]]
name = "idna"
version = "3.10"
source = { registry = "https://pypi.org/simple" }
sdist = { url = "https://files.pythonhosted.org/packages/f1/70/7703c29685631f5a7590aa73f1f1d3fa9a380e654b86af429e0934a32f7d/idna-3.10.tar.gz", hash = "sha256:12f65c9b470abda6dc35cf8e63cc574b1c52b11df2c86030af0ac09b01b13ea9", size = 190490, upload-time = "2024-09-15T18:07:39.745Z" }
wheels = [
    { url = "https://files.pythonhosted.org/packages/76/c6/c88e154df9c4e1a2a66ccf0005a88dfb2650c1dffb6f5ce603dfbd452ce3/idna-3.10-py3-none-any.whl", hash = "sha256:946d195a0d259cbba61165e88e65941f16e9b36ea6ddb97f00452bae8b1287d3", size = 70442, upload-time = "2024-09-15T18:07:37.964Z" },
]

[[package]]
name = "markdown-it-py"
version = "4.0.0"
source = { registry = "https://pypi.org/simple" }
dependencies = [
    { name = "mdurl" },
]
sdist = { url = "https://files.pythonhosted.org/packages/5b/f5/4ec618ed16cc4f8fb3b701563655a69816155e79e24a17b651541804721d/markdown_it_py-4.0.0.tar.gz", hash = "sha256:cb0a2b4aa34f932c007117b194e945bd74e0ec24133ceb5bac59009cda1cb9f3", size = 73070, upload-time = "2025-08-11T12:57:52.854Z" }
wheels = [
    { url = "https://files.pythonhosted.org/packages/94/54/e7d793b573f298e1c9013b8c4dade17d481164aa517d1d7148619c2cedbf/markdown_it_py-4.0.0-py3-none-any.whl", hash = "sha256:87327c59b172c5011896038353a81343b6754500a08cd7a4973bb48c6d578147", size = 87321, upload-time = "2025-08-11T12:57:51.923Z" },
]

[[package]]
name = "mdurl"
version = "0.1.2"
source = { registry = "https://pypi.org/simple" }
sdist = { url = "https://files.pythonhosted.org/packages/d6/54/cfe61301667036ec958cb99bd3efefba235e65cdeb9c84d24a8293ba1d90/mdurl-0.1.2.tar.gz", hash = "sha256:bb413d29f5eea38f31dd4754dd7377d4465116fb207585f97bf925588687c1ba", size = 8729, upload-time = "2022-08-14T12:40:10.846Z" }
wheels = [
    { url = "https://files.pythonhosted.org/packages/b3/38/89ba8ad64ae25be8de66a6d463314cf1eb366222074cfda9ee839c56a4b4/mdurl-0.1.2-py3-none-any.whl", hash = "sha256:84008a41e51615a49fc9966191ff91509e3c40b939176e643fd50a5c2196b8f8", size = 9979, upload-time = "2022-08-14T12:40:09.779Z" },
]

[[package]]
name = "pdfminer-six"
version = "20250506"
source = { registry = "https://pypi.org/simple" }
dependencies = [
    { name = "charset-normalizer" },
    { name = "cryptography" },
]
sdist = { url = "https://files.pythonhosted.org/packages/78/46/5223d613ac4963e1f7c07b2660fe0e9e770102ec6bda8c038400113fb215/pdfminer_six-20250506.tar.gz", hash = "sha256:b03cc8df09cf3c7aba8246deae52e0bca7ebb112a38895b5e1d4f5dd2b8ca2e7", size = 7387678, upload-time = "2025-05-06T16:17:00.787Z" }
wheels = [
    { url = "https://files.pythonhosted.org/packages/73/16/7a432c0101fa87457e75cb12c879e1749c5870a786525e2e0f42871d6462/pdfminer_six-20250506-py3-none-any.whl", hash = "sha256:d81ad173f62e5f841b53a8ba63af1a4a355933cfc0ffabd608e568b9193909e3", size = 5620187, upload-time = "2025-05-06T16:16:58.669Z" },
]

[[package]]
name = "pdfplumber"
version = "0.11.7"
source = { registry = "https://pypi.org/simple" }
dependencies = [
    { name = "pdfminer-six" },
    { name = "pillow" },
    { name = "pypdfium2" },
]
sdist = { url = "https://files.pythonhosted.org/packages/6d/0d/4135821aa7b1a0b77a29fac881ef0890b46b0b002290d04915ed7acc0043/pdfplumber-0.11.7.tar.gz", hash = "sha256:fa67773e5e599de1624255e9b75d1409297c5e1d7493b386ce63648637c67368", size = 115518, upload-time = "2025-06-12T11:30:49.864Z" }
wheels = [
    { url = "https://files.pythonhosted.org/packages/db/e0/52b67d4f00e09e497aec4f71bc44d395605e8ebcea52543242ed34c25ef9/pdfplumber-0.11.7-py3-none-any.whl", hash = "sha256:edd2195cca68bd770da479cf528a737e362968ec2351e62a6c0b71ff612ac25e", size = 60029, upload-time = "2025-06-12T11:30:48.89Z" },
]

[[package]]
name = "pillow"
version = "11.3.0"
source = { registry = "https://pypi.org/simple" }
sdist = { url = "https://files.pythonhosted.org/packages/f3/0d/d0d6dea55cd152ce3d6767bb38a8fc10e33796ba4ba210cbab9354b6d238/pillow-11.3.0.tar.gz", hash = "sha256:3828ee7586cd0b2091b6209e5ad53e20d0649bbe87164a459d0676e035e8f523", size = 47113069, upload-time = "2025-07-01T09:16:30.666Z" }
wheels = [
    { url = "https://files.pythonhosted.org/packages/db/26/77f8ed17ca4ffd60e1dcd220a6ec6d71210ba398cfa33a13a1cd614c5613/pillow-11.3.0-cp311-cp311-macosx_10_10_x86_64.whl", hash = "sha256:1cd110edf822773368b396281a2293aeb91c90a2db00d78ea43e7e861631b722", size = 5316531, upload-time = "2025-07-01T09:13:59.203Z" },
    { url = "https://files.pythonhosted.org/packages/cb/39/ee475903197ce709322a17a866892efb560f57900d9af2e55f86db51b0a5/pillow-11.3.0-cp311-cp311-macosx_11_0_arm64.whl", hash = "sha256:9c412fddd1b77a75aa904615ebaa6001f169b26fd467b4be93aded278266b288", size = 4686560, upload-time = "2025-07-01T09:14:01.101Z" },
    { url = "https://files.pythonhosted.org/packages/d5/90/442068a160fd179938ba55ec8c97050a612426fae5ec0a764e345839f76d/pillow-11.3.0-cp311-cp311-manylinux2014_aarch64.manylinux_2_17_aarch64.whl", hash = "sha256:7d1aa4de119a0ecac0a34a9c8bde33f34022e2e8f99104e47a3ca392fd60e37d", size = 5870978, upload-time = "2025-07-03T13:09:55.638Z" },
    { url = "https://files.pythonhosted.org/packages/13/92/dcdd147ab02daf405387f0218dcf792dc6dd5b14d2573d40b4caeef01059/pillow-11.3.0-cp311-cp311-manylinux2014_x86_64.manylinux_2_17_x86_64.whl", hash = "sha256:91da1d88226663594e3f6b4b8c3c8d85bd504117d043740a8e0ec449087cc494", size = 7641168, upload-time = "2025-07-03T13:10:00.37Z" },
    { url = "https://files.pythonhosted.org/packages/6e/db/839d6ba7fd38b51af641aa904e2960e7a5644d60ec754c046b7d2aee00e5/pillow-11.3.0-cp311-cp311-manylinux_2_27_aarch64.manylinux_2_28_aarch64.whl", hash = "sha256:643f189248837533073c405ec2f0bb250ba54598cf80e8c1e043381a60632f58", size = 5973053, upload-time = "2025-07-01T09:14:04.491Z" },
    { url = "https://files.pythonhosted.org/packages/f2/2f/d7675ecae6c43e9f12aa8d58b6012683b20b6edfbdac7abcb4e6af7a3784/pillow-11.3.0-cp311-cp311-manylinux_2_27_x86_64.manylinux_2_28_x86_64.whl", hash = "sha256:106064daa23a745510dabce1d84f29137a37224831d88eb4ce94bb187b1d7e5f", size = 6640273, upload-time = "2025-07-01T09:14:06.235Z" },
    { url = "https://files.pythonhosted.org/packages/45/ad/931694675ede172e15b2ff03c8144a0ddaea1d87adb72bb07655eaffb654/pillow-11.3.0-cp311-cp311-musllinux_1_2_aarch64.whl", hash = "sha256:cd8ff254faf15591e724dc7c4ddb6bf4793efcbe13802a4ae3e863cd300b493e", size = 6082043, upload-time = "2025-07-01T09:14:07.978Z" },
    { url = "https://files.pythonhosted.org/packages/3a/04/ba8f2b11fc80d2dd462d7abec16351b45ec99cbbaea4387648a44190351a/pillow-11.3.0-cp311-cp311-musllinux_1_2_x86_64.whl", hash = "sha256:932c754c2d51ad2b2271fd01c3d121daaa35e27efae2a616f77bf164bc0b3e94", size = 6715516, upload-time = "2025-07-01T09:14:10.233Z" },
    { url = "https://files.pythonhosted.org/packages/48/59/8cd06d7f3944cc7d892e8533c56b0acb68399f640786313275faec1e3b6f/pillow-11.3.0-cp311-cp311-win32.whl", hash = "sha256:b4b8f3efc8d530a1544e5962bd6b403d5f7fe8b9e08227c6b255f98ad82b4ba0", size = 6274768, upload-time = "2025-07-01T09:14:11.921Z" },
    { url = "https://files.pythonhosted.org/packages/f1/cc/29c0f5d64ab8eae20f3232da8f8571660aa0ab4b8f1331da5c2f5f9a938e/pillow-11.3.0-cp311-cp311-win_amd64.whl", hash = "sha256:1a992e86b0dd7aeb1f053cd506508c0999d710a8f07b4c791c63843fc6a807ac", size = 6986055, upload-time = "2025-07-01T09:14:13.623Z" },
    { url = "https://files.pythonhosted.org/packages/c6/df/90bd886fabd544c25addd63e5ca6932c86f2b701d5da6c7839387a076b4a/pillow-11.3.0-cp311-cp311-win_arm64.whl", hash = "sha256:30807c931ff7c095620fe04448e2c2fc673fcbb1ffe2a7da3fb39613489b1ddd", size = 2423079, upload-time = "2025-07-01T09:14:15.268Z" },
    { url = "https://files.pythonhosted.org/packages/9e/e3/6fa84033758276fb31da12e5fb66ad747ae83b93c67af17f8c6ff4cc8f34/pillow-11.3.0-pp311-pypy311_pp73-macosx_10_15_x86_64.whl", hash = "sha256:7c8ec7a017ad1bd562f93dbd8505763e688d388cde6e4a010ae1486916e713e6", size = 5270566, upload-time = "2025-07-01T09:16:19.801Z" },
    { url = "https://files.pythonhosted.org/packages/5b/ee/e8d2e1ab4892970b561e1ba96cbd59c0d28cf66737fc44abb2aec3795a4e/pillow-11.3.0-pp311-pypy311_pp73-macosx_11_0_arm64.whl", hash = "sha256:9ab6ae226de48019caa8074894544af5b53a117ccb9d3b3dcb2871464c829438", size = 4654618, upload-time = "2025-07-01T09:16:21.818Z" },
    { url = "https://files.pythonhosted.org/packages/f2/6d/17f80f4e1f0761f02160fc433abd4109fa1548dcfdca46cfdadaf9efa565/pillow-11.3.0-pp311-pypy311_pp73-manylinux2014_aarch64.manylinux_2_17_aarch64.whl", hash = "sha256:fe27fb049cdcca11f11a7bfda64043c37b30e6b91f10cb5bab275806c32f6ab3", size = 4874248, upload-time = "2025-07-03T13:11:20.738Z" },
    { url = "https://files.pythonhosted.org/packages/de/5f/c22340acd61cef960130585bbe2120e2fd8434c214802f07e8c03596b17e/pillow-11.3.0-pp311-pypy311_pp73-manylinux2014_x86_64.manylinux_2_17_x86_64.whl", hash = "sha256:465b9e8844e3c3519a983d58b80be3f668e2a7a5db97f2784e7079fbc9f9822c", size = 6583963, upload-time = "2025-07-03T13:11:26.283Z" },
    { url = "https://files.pythonhosted.org/packages/31/5e/03966aedfbfcbb4d5f8aa042452d3361f325b963ebbadddac05b122e47dd/pillow-11.3.0-pp311-pypy311_pp73-manylinux_2_27_aarch64.manylinux_2_28_aarch64.whl", hash = "sha256:5418b53c0d59b3824d05e029669efa023bbef0f3e92e75ec8428f3799487f361", size = 4957170, upload-time = "2025-07-01T09:16:23.762Z" },
    { url = "https://files.pythonhosted.org/packages/cc/2d/e082982aacc927fc2cab48e1e731bdb1643a1406acace8bed0900a61464e/pillow-11.3.0-pp311-pypy311_pp73-manylinux_2_27_x86_64.manylinux_2_28_x86_64.whl", hash = "sha256:504b6f59505f08ae014f724b6207ff6222662aab5cc9542577fb084ed0676ac7", size = 5581505, upload-time = "2025-07-01T09:16:25.593Z" },
    { url = "https://files.pythonhosted.org/packages/34/e7/ae39f538fd6844e982063c3a5e4598b8ced43b9633baa3a85ef33af8c05c/pillow-11.3.0-pp311-pypy311_pp73-win_amd64.whl", hash = "sha256:c84d689db21a1c397d001aa08241044aa2069e7587b398c8cc63020390b1c1b8", size = 6984598, upload-time = "2025-07-01T09:16:27.732Z" },
]

[[package]]
name = "pycparser"
version = "2.23"
source = { registry = "https://pypi.org/simple" }
sdist = { url = "https://files.pythonhosted.org/packages/fe/cf/d2d3b9f5699fb1e4615c8e32ff220203e43b248e1dfcc6736ad9057731ca/pycparser-2.23.tar.gz", hash = "sha256:78816d4f24add8f10a06d6f05b4d424ad9e96cfebf68a4ddc99c65c0720d00c2", size = 173734, upload-time = "2025-09-09T13:23:47.91Z" }
wheels = [
    { url = "https://files.pythonhosted.org/packages/a0/e3/59cd50310fc9b59512193629e1984c1f95e5c8ae6e5d8c69532ccc65a7fe/pycparser-2.23-py3-none-any.whl", hash = "sha256:e5c6e8d3fbad53479cab09ac03729e0a9faf2bee3db8208a550daf5af81a5934", size = 118140, upload-time = "2025-09-09T13:23:46.651Z" },
]

[[package]]
name = "pygments"
version = "2.19.2"
source = { registry = "https://pypi.org/simple" }
sdist = { url = "https://files.pythonhosted.org/packages/b0/77/a5b8c569bf593b0140bde72ea885a803b82086995367bf2037de0159d924/pygments-2.19.2.tar.gz", hash = "sha256:636cb2477cec7f8952536970bc533bc43743542f70392ae026374600add5b887", size = 4968631, upload-time = "2025-06-21T13:39:12.283Z" }
wheels = [
    { url = "https://files.pythonhosted.org/packages/c7/21/705964c7812476f378728bdf590ca4b771ec72385c533964653c68e86bdc/pygments-2.19.2-py3-none-any.whl", hash = "sha256:86540386c03d588bb81d44bc3928634ff26449851e99741617ecb9037ee5ec0b", size = 1225217, upload-time = "2025-06-21T13:39:07.939Z" },
]

[[package]]
name = "pypdfium2"
version = "4.30.0"
source = { registry = "https://pypi.org/simple" }
sdist = { url = "https://files.pythonhosted.org/packages/a1/14/838b3ba247a0ba92e4df5d23f2bea9478edcfd72b78a39d6ca36ccd84ad2/pypdfium2-4.30.0.tar.gz", hash = "sha256:48b5b7e5566665bc1015b9d69c1ebabe21f6aee468b509531c3c8318eeee2e16", size = 140239, upload-time = "2024-05-09T18:33:17.552Z" }
wheels = [
    { url = "https://files.pythonhosted.org/packages/c7/9a/c8ff5cc352c1b60b0b97642ae734f51edbab6e28b45b4fcdfe5306ee3c83/pypdfium2-4.30.0-py3-none-macosx_10_13_x86_64.whl", hash = "sha256:b33ceded0b6ff5b2b93bc1fe0ad4b71aa6b7e7bd5875f1ca0cdfb6ba6ac01aab", size = 2837254, upload-time = "2024-05-09T18:32:48.653Z" },
    { url = "https://files.pythonhosted.org/packages/21/8b/27d4d5409f3c76b985f4ee4afe147b606594411e15ac4dc1c3363c9a9810/pypdfium2-4.30.0-py3-none-macosx_11_0_arm64.whl", hash = "sha256:4e55689f4b06e2d2406203e771f78789bd4f190731b5d57383d05cf611d829de", size = 2707624, upload-time = "2024-05-09T18:32:51.458Z" },
    { url = "https://files.pythonhosted.org/packages/11/63/28a73ca17c24b41a205d658e177d68e198d7dde65a8c99c821d231b6ee3d/pypdfium2-4.30.0-py3-none-manylinux_2_17_aarch64.manylinux2014_aarch64.whl", hash = "sha256:4e6e50f5ce7f65a40a33d7c9edc39f23140c57e37144c2d6d9e9262a2a854854", size = 2793126, upload-time = "2024-05-09T18:32:53.581Z" },
    { url = "https://files.pythonhosted.org/packages/d1/96/53b3ebf0955edbd02ac6da16a818ecc65c939e98fdeb4e0958362bd385c8/pypdfium2-4.30.0-py3-none-manylinux_2_17_armv7l.manylinux2014_armv7l.whl", hash = "sha256:3d0dd3ecaffd0b6dbda3da663220e705cb563918249bda26058c6036752ba3a2", size = 2591077, upload-time = "2024-05-09T18:32:55.99Z" },
    { url = "https://files.pythonhosted.org/packages/ec/ee/0394e56e7cab8b5b21f744d988400948ef71a9a892cbeb0b200d324ab2c7/pypdfium2-4.30.0-py3-none-manylinux_2_17_i686.manylinux2014_i686.whl", hash = "sha256:cc3bf29b0db8c76cdfaac1ec1cde8edf211a7de7390fbf8934ad2aa9b4d6dfad", size = 2864431, upload-time = "2024-05-09T18:32:57.911Z" },
    { url = "https://files.pythonhosted.org/packages/65/cd/3f1edf20a0ef4a212a5e20a5900e64942c5a374473671ac0780eaa08ea80/pypdfium2-4.30.0-py3-none-manylinux_2_17_x86_64.manylinux2014_x86_64.whl", hash = "sha256:f1f78d2189e0ddf9ac2b7a9b9bd4f0c66f54d1389ff6c17e9fd9dc034d06eb3f", size = 2812008, upload-time = "2024-05-09T18:32:59.886Z" },
    { url = "https://files.pythonhosted.org/packages/c8/91/2d517db61845698f41a2a974de90762e50faeb529201c6b3574935969045/pypdfium2-4.30.0-py3-none-musllinux_1_1_aarch64.whl", hash = "sha256:5eda3641a2da7a7a0b2f4dbd71d706401a656fea521b6b6faa0675b15d31a163", size = 6181543, upload-time = "2024-05-09T18:33:02.597Z" },
    { url = "https://files.pythonhosted.org/packages/ba/c4/ed1315143a7a84b2c7616569dfb472473968d628f17c231c39e29ae9d780/pypdfium2-4.30.0-py3-none-musllinux_1_1_i686.whl", hash = "sha256:0dfa61421b5eb68e1188b0b2231e7ba35735aef2d867d86e48ee6cab6975195e", size = 6175911, upload-time = "2024-05-09T18:33:05.376Z" },
    { url = "https://files.pythonhosted.org/packages/7a/c4/9e62d03f414e0e3051c56d5943c3bf42aa9608ede4e19dc96438364e9e03/pypdfium2-4.30.0-py3-none-musllinux_1_1_x86_64.whl", hash = "sha256:f33bd79e7a09d5f7acca3b0b69ff6c8a488869a7fab48fdf400fec6e20b9c8be", size = 6267430, upload-time = "2024-05-09T18:33:08.067Z" },
    { url = "https://files.pythonhosted.org/packages/90/47/eda4904f715fb98561e34012826e883816945934a851745570521ec89520/pypdfium2-4.30.0-py3-none-win32.whl", hash = "sha256:ee2410f15d576d976c2ab2558c93d392a25fb9f6635e8dd0a8a3a5241b275e0e", size = 2775951, upload-time = "2024-05-09T18:33:10.567Z" },
    { url = "https://files.pythonhosted.org/packages/25/bd/56d9ec6b9f0fc4e0d95288759f3179f0fcd34b1a1526b75673d2f6d5196f/pypdfium2-4.30.0-py3-none-win_amd64.whl", hash = "sha256:90dbb2ac07be53219f56be09961eb95cf2473f834d01a42d901d13ccfad64b4c", size = 2892098, upload-time = "2024-05-09T18:33:13.107Z" },
    { url = "https://files.pythonhosted.org/packages/be/7a/097801205b991bc3115e8af1edb850d30aeaf0118520b016354cf5ccd3f6/pypdfium2-4.30.0-py3-none-win_arm64.whl", hash = "sha256:119b2969a6d6b1e8d55e99caaf05290294f2d0fe49c12a3f17102d01c441bd29", size = 2752118, upload-time = "2024-05-09T18:33:15.489Z" },
]

[[package]]
name = "requests"
version = "2.32.5"
source = { registry = "https://pypi.org/simple" }
dependencies = [
    { name = "certifi" },
    { name = "charset-normalizer" },
    { name = "idna" },
    { name = "urllib3" },
]
sdist = { url = "https://files.pythonhosted.org/packages/c9/74/b3ff8e6c8446842c3f5c837e9c3dfcfe2018ea6ecef224c710c85ef728f4/requests-2.32.5.tar.gz", hash = "sha256:dbba0bac56e100853db0ea71b82b4dfd5fe2bf6d3754a8893c3af500cec7d7cf", size = 134517, upload-time = "2025-08-18T20:46:02.573Z" }
wheels = [
    { url = "https://files.pythonhosted.org/packages/1e/db/4254e3eabe8020b458f1a747140d32277ec7a271daf1d235b70dc0b4e6e3/requests-2.32.5-py3-none-any.whl", hash = "sha256:2462f94637a34fd532264295e186976db0f5d453d1cdd31473c85a6a161affb6", size = 64738, upload-time = "2025-08-18T20:46:00.542Z" },
]

[[package]]
name = "rich"
version = "14.1.0"
source = { registry = "https://pypi.org/simple" }
dependencies = [
    { name = "markdown-it-py" },
    { name = "pygments" },
]
sdist = { url = "https://files.pythonhosted.org/packages/fe/75/af448d8e52bf1d8fa6a9d089ca6c07ff4453d86c65c145d0a300bb073b9b/rich-14.1.0.tar.gz", hash = "sha256:e497a48b844b0320d45007cdebfeaeed8db2a4f4bcf49f15e455cfc4af11eaa8", size = 224441, upload-time = "2025-07-25T07:32:58.125Z" }
wheels = [
    { url = "https://files.pythonhosted.org/packages/e3/30/3c4d035596d3cf444529e0b2953ad0466f6049528a879d27534700580395/rich-14.1.0-py3-none-any.whl", hash = "sha256:536f5f1785986d6dbdea3c75205c473f970777b4a0d6c6dd1b696aa05a3fa04f", size = 243368, upload-time = "2025-07-25T07:32:56.73Z" },
]

[[package]]
name = "shellingham"
version = "1.5.4"
source = { registry = "https://pypi.org/simple" }
sdist = { url = "https://files.pythonhosted.org/packages/58/15/8b3609fd3830ef7b27b655beb4b4e9c62313a4e8da8c676e142cc210d58e/shellingham-1.5.4.tar.gz", hash = "sha256:8dbca0739d487e5bd35ab3ca4b36e11c4078f3a234bfce294b0a0291363404de", size = 10310, upload-time = "2023-10-24T04:13:40.426Z" }
wheels = [
    { url = "https://files.pythonhosted.org/packages/e0/f9/0595336914c5619e5f28a1fb793285925a8cd4b432c9da0a987836c7f822/shellingham-1.5.4-py2.py3-none-any.whl", hash = "sha256:7ecfff8f2fd72616f7481040475a65b2bf8af90a56c89140852d1120324e8686", size = 9755, upload-time = "2023-10-24T04:13:38.866Z" },
]

[[package]]
name = "smmap"
version = "5.0.2"
source = { registry = "https://pypi.org/simple" }
sdist = { url = "https://files.pythonhosted.org/packages/44/cd/a040c4b3119bbe532e5b0732286f805445375489fceaec1f48306068ee3b/smmap-5.0.2.tar.gz", hash = "sha256:26ea65a03958fa0c8a1c7e8c7a58fdc77221b8910f6be2131affade476898ad5", size = 22329, upload-time = "2025-01-02T07:14:40.909Z" }
wheels = [
    { url = "https://files.pythonhosted.org/packages/04/be/d09147ad1ec7934636ad912901c5fd7667e1c858e19d355237db0d0cd5e4/smmap-5.0.2-py3-none-any.whl", hash = "sha256:b30115f0def7d7531d22a0fb6502488d879e75b260a9db4d0819cfb25403af5e", size = 24303, upload-time = "2025-01-02T07:14:38.724Z" },
]

[[package]]
name = "soupsieve"
version = "2.8"
source = { registry = "https://pypi.org/simple" }
sdist = { url = "https://files.pythonhosted.org/packages/6d/e6/21ccce3262dd4889aa3332e5a119a3491a95e8f60939870a3a035aabac0d/soupsieve-2.8.tar.gz", hash = "sha256:e2dd4a40a628cb5f28f6d4b0db8800b8f581b65bb380b97de22ba5ca8d72572f", size = 103472, upload-time = "2025-08-27T15:39:51.78Z" }
wheels = [
    { url = "https://files.pythonhosted.org/packages/14/a0/bb38d3b76b8cae341dad93a2dd83ab7462e6dbcdd84d43f54ee60a8dc167/soupsieve-2.8-py3-none-any.whl", hash = "sha256:0cc76456a30e20f5d7f2e14a98a4ae2ee4e5abdc7c5ea0aafe795f344bc7984c", size = 36679, upload-time = "2025-08-27T15:39:50.179Z" },
]

[[package]]
name = "typer"
version = "0.17.4"
source = { registry = "https://pypi.org/simple" }
dependencies = [
    { name = "click" },
    { name = "rich" },
    { name = "shellingham" },
    { name = "typing-extensions" },
]
sdist = { url = "https://files.pythonhosted.org/packages/92/e8/2a73ccf9874ec4c7638f172efc8972ceab13a0e3480b389d6ed822f7a822/typer-0.17.4.tar.gz", hash = "sha256:b77dc07d849312fd2bb5e7f20a7af8985c7ec360c45b051ed5412f64d8dc1580", size = 103734, upload-time = "2025-09-05T18:14:40.746Z" }
wheels = [
    { url = "https://files.pythonhosted.org/packages/93/72/6b3e70d32e89a5cbb6a4513726c1ae8762165b027af569289e19ec08edd8/typer-0.17.4-py3-none-any.whl", hash = "sha256:015534a6edaa450e7007eba705d5c18c3349dcea50a6ad79a5ed530967575824", size = 46643, upload-time = "2025-09-05T18:14:39.166Z" },
]

[[package]]
name = "typing-extensions"
version = "4.15.0"
source = { registry = "https://pypi.org/simple" }
sdist = { url = "https://files.pythonhosted.org/packages/72/94/1a15dd82efb362ac84269196e94cf00f187f7ed21c242792a923cdb1c61f/typing_extensions-4.15.0.tar.gz", hash = "sha256:0cea48d173cc12fa28ecabc3b837ea3cf6f38c6d1136f85cbaaf598984861466", size = 109391, upload-time = "2025-08-25T13:49:26.313Z" }
wheels = [
    { url = "https://files.pythonhosted.org/packages/18/67/36e9267722cc04a6b9f15c7f3441c2363321a3ea07da7ae0c0707beb2a9c/typing_extensions-4.15.0-py3-none-any.whl", hash = "sha256:f0fa19c6845758ab08074a0cfa8b7aecb71c999ca73d62883bc25cc018c4e548", size = 44614, upload-time = "2025-08-25T13:49:24.86Z" },
]

[[package]]
name = "urllib3"
version = "2.5.0"
source = { registry = "https://pypi.org/simple" }
sdist = { url = "https://files.pythonhosted.org/packages/15/22/9ee70a2574a4f4599c47dd506532914ce044817c7752a79b6a51286319bc/urllib3-2.5.0.tar.gz", hash = "sha256:3fc47733c7e419d4bc3f6b3dc2b4f890bb743906a30d56ba4a5bfa4bbff92760", size = 393185, upload-time = "2025-06-18T14:07:41.644Z" }
wheels = [
    { url = "https://files.pythonhosted.org/packages/a7/c2/fe1e52489ae3122415c51f387e221dd0773709bad6c6cdaa599e8a2c5185/urllib3-2.5.0-py3-none-any.whl", hash = "sha256:e6b01673c0fa6a13e374b50871808eb3bf7046c4b125b216f6bf1cc604cff0dc", size = 129795, upload-time = "2025-06-18T14:07:40.39Z" },
]
